
Microsoft Visual Studio Solution File, Format Version 12.00
# Visual Studio Version 17
VisualStudioVersion = 17.4.33213.308
MinimumVisualStudioVersion = 10.0.40219.1
Project("{FAE04EC0-301F-11D3-BF4B-00C04F79EFBC}") = "Projeto01", "Projeto01\Projeto01.csproj", "{EE4170F1-F037-463C-B6A1-68741BFBA282}"
EndProject
Global
	GlobalSection(SolutionConfigurationPlatforms) = preSolution
		Debug|Any CPU = Debug|Any CPU
		Release|Any CPU = Release|Any CPU
	EndGlobalSection
	GlobalSection(ProjectConfigurationPlatforms) = postSolution
		{EE4170F1-F037-463C-B6A1-68741BFBA282}.Debug|Any CPU.ActiveCfg = Debug|Any CPU
		{EE4170F1-F037-463C-B6A1-68741BFBA282}.Debug|Any CPU.Build.0 = Debug|Any CPU
		{EE4170F1-F037-463C-B6A1-68741BFBA282}.Release|Any CPU.ActiveCfg = Release|Any CPU
		{EE4170F1-F037-463C-B6A1-68741BFBA282}.Release|Any CPU.Build.0 = Release|Any CPU
	EndGlobalSection
	GlobalSection(SolutionProperties) = preSolution
		HideSolutionNode = FALSE
	EndGlobalSection
	GlobalSection(ExtensibilityGlobals) = postSolution
		SolutionGuid = {6F2ACA1C-4F2C-47AF-B1B5-98F13608243B}
	EndGlobalSection
EndGlobal
